
Microsoft Visual Studio Solution File, Format Version 12.00
# Visual Studio Version 16
VisualStudioVersion = 16.0.30717.126
MinimumVisualStudioVersion = 10.0.40219.1
Project("{FAE04EC0-301F-11D3-BF4B-00C04F79EFBC}") = "FullStackAppSample", "FullStackAppSample\FullStackAppSample.csproj", "{16774082-31F2-44CA-B2D5-3D5ABAA2789B}"
EndProject
Global
	GlobalSection(SolutionConfigurationPlatforms) = preSolution
		Debug|Any CPU = Debug|Any CPU
		Release|Any CPU = Release|Any CPU
	EndGlobalSection
	GlobalSection(ProjectConfigurationPlatforms) = postSolution
		{16774082-31F2-44CA-B2D5-3D5ABAA2789B}.Debug|Any CPU.ActiveCfg = Debug|Any CPU
		{16774082-31F2-44CA-B2D5-3D5ABAA2789B}.Debug|Any CPU.Build.0 = Debug|Any CPU
		{16774082-31F2-44CA-B2D5-3D5ABAA2789B}.Release|Any CPU.ActiveCfg = Release|Any CPU
		{16774082-31F2-44CA-B2D5-3D5ABAA2789B}.Release|Any CPU.Build.0 = Release|Any CPU
	EndGlobalSection
	GlobalSection(SolutionProperties) = preSolution
		HideSolutionNode = FALSE
	EndGlobalSection
	GlobalSection(ExtensibilityGlobals) = postSolution
		SolutionGuid = {E5596638-3CFB-4DFC-BFB6-9E154AF4AEE7}
	EndGlobalSection
EndGlobal
